<?xml version="1.0" encoding="utf-8"?>
<Project ToolsVersion="4.0" xmlns="http://schemas.microsoft.com/developer/msbuild/2003">
  <ItemGroup>
    <Filter Include="Source Files">
      <UniqueIdentifier>{4FC737F1-C7A5-4376-A066-2A32D752A2FF}</UniqueIdentifier>
      <Extensions>cpp;c;cc;cxx;c++;cppm;ixx;def;odl;idl;hpj;bat;asm;asmx</Extensions>
    </Filter>
    <Filter Include="Header Files">
      <UniqueIdentifier>{93995380-89BD-4b04-88EB-625FBE52EBFB}</UniqueIdentifier>
      <Extensions>h;hh;hpp;hxx;h++;hm;inl;inc;ipp;xsd</Extensions>
    </Filter>
    <Filter Include="Resource Files">
      <UniqueIdentifier>{67DA6AB6-F800-4c08-8B7A-83BB121AAD01}</UniqueIdentifier>
      <Extensions>rc;ico;cur;bmp;dlg;rc2;rct;bin;rgs;gif;jpg;jpeg;jpe;resx;tiff;tif;png;wav;mfcribbon-ms</Extensions>
    </Filter>
  </ItemGroup>
  <ItemGroup>
    <ClInclude Include="mvram.h">
      <Filter>Header Files</Filter>
    </ClInclude>
    <ClInclude Include="mvramDlg.h">
      <Filter>Header Files</Filter>
    </ClInclude>
    <ClInclude Include="framework.h">
      <Filter>Header Files</Filter>
    </ClInclude>
    <ClInclude Include="targetver.h">
      <Filter>Header Files</Filter>
    </ClInclude>
    <ClInclude Include="Resource.h">
      <Filter>Header Files</Filter>
    </ClInclude>
    <ClInclude Include="CAPlace.h">
      <Filter>Header Files</Filter>
    </ClInclude>
    <ClInclude Include="cdcp.h">
      <Filter>Header Files</Filter>
    </ClInclude>
    <ClInclude Include="CDOut.h">
      <Filter>Header Files</Filter>
    </ClInclude>
    <ClInclude Include="cimg.h">
      <Filter>Header Files</Filter>
    </ClInclude>
    <ClInclude Include="cscript.h">
      <Filter>Header Files</Filter>
    </ClInclude>
    <ClInclude Include="cvram.h">
      <Filter>Header Files</Filter>
    </ClInclude>
    <ClInclude Include="dd.h">
      <Filter>Header Files</Filter>
    </ClInclude>
    <ClInclude Include="DdCaps.h">
      <Filter>Header Files</Filter>
    </ClInclude>
    <ClInclude Include="def.h">
      <Filter>Header Files</Filter>
    </ClInclude>
    <ClInclude Include="DialogDdInfo.h">
      <Filter>Header Files</Filter>
    </ClInclude>
    <ClInclude Include="dsi_err.h">
      <Filter>Header Files</Filter>
    </ClInclude>
    <ClInclude Include="dsi_file.h">
      <Filter>Header Files</Filter>
    </ClInclude>
    <ClInclude Include="errHandle.h">
      <Filter>Header Files</Filter>
    </ClInclude>
    <ClInclude Include="FileRawDef.h">
      <Filter>Header Files</Filter>
    </ClInclude>
    <ClInclude Include="FileText.h">
      <Filter>Header Files</Filter>
    </ClInclude>
    <ClInclude Include="Font.h">
      <Filter>Header Files</Filter>
    </ClInclude>
    <ClInclude Include="Globals.h">
      <Filter>Header Files</Filter>
    </ClInclude>
    <ClInclude Include="MAINMENU.H">
      <Filter>Header Files</Filter>
    </ClInclude>
    <ClInclude Include="MDEC.H">
      <Filter>Header Files</Filter>
    </ClInclude>
    <ClInclude Include="misc.h">
      <Filter>Header Files</Filter>
    </ClInclude>
    <ClInclude Include="multi16c.h">
      <Filter>Header Files</Filter>
    </ClInclude>
    <ClInclude Include="PathNameTools.h">
      <Filter>Header Files</Filter>
    </ClInclude>
    <ClInclude Include="ProgressDlg.h">
      <Filter>Header Files</Filter>
    </ClInclude>
    <ClInclude Include="psd.h">
      <Filter>Header Files</Filter>
    </ClInclude>
    <ClInclude Include="psx.h">
      <Filter>Header Files</Filter>
    </ClInclude>
    <ClInclude Include="RgbHls.h">
      <Filter>Header Files</Filter>
    </ClInclude>
    <ClInclude Include="stdafx.h">
      <Filter>Header Files</Filter>
    </ClInclude>
    <ClInclude Include="tga.h">
      <Filter>Header Files</Filter>
    </ClInclude>
    <ClInclude Include="ViewDx.h">
      <Filter>Header Files</Filter>
    </ClInclude>
    <ClInclude Include="stringconversion.h">
      <Filter>Header Files</Filter>
    </ClInclude>
    <ClInclude Include="scanne.h">
      <Filter>Header Files</Filter>
    </ClInclude>
  </ItemGroup>
  <ItemGroup>
    <ClCompile Include="mvram.cpp">
      <Filter>Source Files</Filter>
    </ClCompile>
    <ClCompile Include="mvramDlg.cpp">
      <Filter>Source Files</Filter>
    </ClCompile>
    <ClCompile Include="CAPlace.cpp">
      <Filter>Source Files</Filter>
    </ClCompile>
    <ClCompile Include="cdcp.cpp">
      <Filter>Source Files</Filter>
    </ClCompile>
    <ClCompile Include="CDOut.cpp">
      <Filter>Source Files</Filter>
    </ClCompile>
    <ClCompile Include="cimg.cpp">
      <Filter>Source Files</Filter>
    </ClCompile>
    <ClCompile Include="Cscript.cpp">
      <Filter>Source Files</Filter>
    </ClCompile>
    <ClCompile Include="cvram.cpp">
      <Filter>Source Files</Filter>
    </ClCompile>
    <ClCompile Include="dd.cpp">
      <Filter>Source Files</Filter>
    </ClCompile>
    <ClCompile Include="DialogDdInfo.cpp">
      <Filter>Source Files</Filter>
    </ClCompile>
    <ClCompile Include="Dsi_err.cpp">
      <Filter>Source Files</Filter>
    </ClCompile>
    <ClCompile Include="Dsi_file.cpp">
      <Filter>Source Files</Filter>
    </ClCompile>
    <ClCompile Include="errHandle.cpp">
      <Filter>Source Files</Filter>
    </ClCompile>
    <ClCompile Include="FileText.cpp">
      <Filter>Source Files</Filter>
    </ClCompile>
    <ClCompile Include="Font.cpp">
      <Filter>Source Files</Filter>
    </ClCompile>
    <ClCompile Include="misc.cpp">
      <Filter>Source Files</Filter>
    </ClCompile>
    <ClCompile Include="multi16c.cpp">
      <Filter>Source Files</Filter>
    </ClCompile>
    <ClCompile Include="PathNameTools.cpp">
      <Filter>Source Files</Filter>
    </ClCompile>
    <ClCompile Include="ProgressDlg.cpp">
      <Filter>Source Files</Filter>
    </ClCompile>
    <ClCompile Include="psd.cpp">
      <Filter>Source Files</Filter>
    </ClCompile>
    <ClCompile Include="RgbHls.cpp">
      <Filter>Source Files</Filter>
    </ClCompile>
    <ClCompile Include="StdAfx.cpp">
      <Filter>Source Files</Filter>
    </ClCompile>
    <ClCompile Include="tga.cpp">
      <Filter>Source Files</Filter>
    </ClCompile>
    <ClCompile Include="ViewDx.cpp">
      <Filter>Source Files</Filter>
    </ClCompile>
    <ClCompile Include="stringconversion.cpp">
      <Filter>Source Files</Filter>
    </ClCompile>
    <ClCompile Include="scanne.cpp">
      <Filter>Source Files</Filter>
    </ClCompile>
  </ItemGroup>
  <ItemGroup>
    <ResourceCompile Include="mvram.rc">
      <Filter>Resource Files</Filter>
    </ResourceCompile>
  </ItemGroup>
  <ItemGroup>
    <None Include="res\mvram.rc2">
      <Filter>Resource Files</Filter>
    </None>
  </ItemGroup>
  <ItemGroup>
    <Image Include="res\mvram.ico">
      <Filter>Resource Files</Filter>
    </Image>
  </ItemGroup>
</Project>